// !$*UTF8*$!
{
	archiveVersion = 1;
	classes = {
	};
	objectVersion = 46;
	objects = {

/* Begin PBXBuildFile section */
		1D3623260D0F684500981E51 /* DaysAppDelegate.m in Sources */ = {isa = PBXBuildFile; fileRef = 1D3623250D0F684500981E51 /* DaysAppDelegate.m */; };
		1D60589B0D05DD56006BFB54 /* main.m in Sources */ = {isa = PBXBuildFile; fileRef = 29B97316FDCFA39411CA2CEA /* main.m */; };
		1D60589F0D05DD5A006BFB54 /* Foundation.framework in Frameworks */ = {isa = PBXBuildFile; fileRef = 1D30AB110D05D00D00671497 /* Foundation.framework */; };
		1DF5F4E00D08C38300B7A737 /* UIKit.framework in Frameworks */ = {isa = PBXBuildFile; fileRef = 1DF5F4DF0D08C38300B7A737 /* UIKit.framework */; settings = {ATTRIBUTES = (Weak, ); }; };
		2892E4100DC94CBA00A64D0F /* CoreGraphics.framework in Frameworks */ = {isa = PBXBuildFile; fileRef = 2892E40F0DC94CBA00A64D0F /* CoreGraphics.framework */; };
		28AD73600D9D9599002E5188 /* MainWindow.xib in Resources */ = {isa = PBXBuildFile; fileRef = 28AD735F0D9D9599002E5188 /* MainWindow.xib */; };
		28C286E10D94DF7D0034E888 /* RootViewController.m in Sources */ = {isa = PBXBuildFile; fileRef = 28C286E00D94DF7D0034E888 /* RootViewController.m */; };
		28F335F11007B36200424DE2 /* RootViewController.xib in Resources */ = {isa = PBXBuildFile; fileRef = 28F335F01007B36200424DE2 /* RootViewController.xib */; };
		3D138A101883920A00AEB064 /* SplitViewController.m in Sources */ = {isa = PBXBuildFile; fileRef = 3D138A0F1883920A00AEB064 /* SplitViewController.m */; };
		3D138A13188397FA00AEB064 /* DetailViewController.m in Sources */ = {isa = PBXBuildFile; fileRef = 3D138A12188397FA00AEB064 /* DetailViewController.m */; };
		3DB83259187CFD4600607517 /* iPad_Storyboard.storyboard in Resources */ = {isa = PBXBuildFile; fileRef = 3DB83258187CFD4600607517 /* iPad_Storyboard.storyboard */; };
		3DB8325B187D029500607517 /* iPad_intro.html in Resources */ = {isa = PBXBuildFile; fileRef = 3DB8325A187D029500607517 /* iPad_intro.html */; };
		3DB8325E187D046000607517 /* iPad_introViewController.m in Sources */ = {isa = PBXBuildFile; fileRef = 3DB8325D187D046000607517 /* iPad_introViewController.m */; };
		680B06C217B9939600EC94E0 /* loadFeed.m in Sources */ = {isa = PBXBuildFile; fileRef = 680B06C117B9939600EC94E0 /* loadFeed.m */; };
		680B06C517C12D0200EC94E0 /* PlanCarouselViewController.m in Sources */ = {isa = PBXBuildFile; fileRef = 680B06C417C12D0200EC94E0 /* PlanCarouselViewController.m */; };
		680B06C817C12EDC00EC94E0 /* CarouselViewController.m in Sources */ = {isa = PBXBuildFile; fileRef = 680B06C717C12EDC00EC94E0 /* CarouselViewController.m */; };
		680B06CA17C130B500EC94E0 /* page.png in Resources */ = {isa = PBXBuildFile; fileRef = 680B06C917C130B500EC94E0 /* page.png */; };
		680B06D317C1612900EC94E0 /* iCarousel.m in Sources */ = {isa = PBXBuildFile; fileRef = 680B06D217C1612900EC94E0 /* iCarousel.m */; };
		680B06D517C168AB00EC94E0 /* QuartzCore.framework in Frameworks */ = {isa = PBXBuildFile; fileRef = 680B06D417C168AB00EC94E0 /* QuartzCore.framework */; };
		680B06D717C921A200EC94E0 /* ipod_page.png in Resources */ = {isa = PBXBuildFile; fileRef = 680B06D617C921A100EC94E0 /* ipod_page.png */; };
		680B06D917CC526A00EC94E0 /* red_page.png in Resources */ = {isa = PBXBuildFile; fileRef = 680B06D817CC526A00EC94E0 /* red_page.png */; };
		6822F9C5167008A600911C96 /* AVFoundation.framework in Frameworks */ = {isa = PBXBuildFile; fileRef = 6822F9C4167008A600911C96 /* AVFoundation.framework */; };
		6822F9C9167662C700911C96 /* ProductsViewController.m in Sources */ = {isa = PBXBuildFile; fileRef = 6822F9C7167662C700911C96 /* ProductsViewController.m */; };
		6822F9CA167662C700911C96 /* ProductsViewController.xib in Resources */ = {isa = PBXBuildFile; fileRef = 6822F9C8167662C700911C96 /* ProductsViewController.xib */; };
		683886AF17A564A3001E0C22 /* Social.framework in Frameworks */ = {isa = PBXBuildFile; fileRef = 683886AE17A564A3001E0C22 /* Social.framework */; };
		683886B117A5889E001E0C22 /* Accounts.framework in Frameworks */ = {isa = PBXBuildFile; fileRef = 683886B017A5889E001E0C22 /* Accounts.framework */; };
		68511E9C187514C6008CCBC5 /* Default-568h@2x.png in Resources */ = {isa = PBXBuildFile; fileRef = 68511E9B187514C6008CCBC5 /* Default-568h@2x.png */; };
		68578D3117A5DDF20052E753 /* Media.xcassets in Resources */ = {isa = PBXBuildFile; fileRef = 68578D3017A5DDF20052E753 /* Media.xcassets */; };
		68578D3417A6B8CA0052E753 /* HomeScreenViewController.m in Sources */ = {isa = PBXBuildFile; fileRef = 68578D3317A6B8CA0052E753 /* HomeScreenViewController.m */; };
		68647E9717B08EA200E6B367 /* days_schedule.xml in Resources */ = {isa = PBXBuildFile; fileRef = 68647E9617B08EA200E6B367 /* days_schedule.xml */; };
		68647E9F17B3264600E6B367 /* libGoogleAnalytics.a in Frameworks */ = {isa = PBXBuildFile; fileRef = 68647E9E17B3264600E6B367 /* libGoogleAnalytics.a */; };
		68647EA117B326A700E6B367 /* CoreData.framework in Frameworks */ = {isa = PBXBuildFile; fileRef = 68647EA017B326A700E6B367 /* CoreData.framework */; };
		68647EA317B32ED100E6B367 /* Settings.bundle in Resources */ = {isa = PBXBuildFile; fileRef = 68647EA217B32ED100E6B367 /* Settings.bundle */; };
		68A071CB13B02E5900F8BC64 /* status.txt in Resources */ = {isa = PBXBuildFile; fileRef = 68A071CA13B02E5900F8BC64 /* status.txt */; };
		68A0728E13B3FCD100F8BC64 /* flipsideViewController.m in Sources */ = {isa = PBXBuildFile; fileRef = 68A0728C13B3FCD100F8BC64 /* flipsideViewController.m */; };
		68A0728F13B3FCD100F8BC64 /* flipsideView.xib in Resources */ = {isa = PBXBuildFile; fileRef = 68A0728D13B3FCD100F8BC64 /* flipsideView.xib */; };
		68E39C9E17D6BCB200F61B8B /* PodcastPlayerViewController.m in Sources */ = {isa = PBXBuildFile; fileRef = 68E39C9D17D6BCB200F61B8B /* PodcastPlayerViewController.m */; };
		68EA23541862A1ED00CBD1DE /* logo_60_60.png in Resources */ = {isa = PBXBuildFile; fileRef = 68EA234F1862A1ED00CBD1DE /* logo_60_60.png */; };
		68EA23551862A1ED00CBD1DE /* logo_76_76.png in Resources */ = {isa = PBXBuildFile; fileRef = 68EA23501862A1ED00CBD1DE /* logo_76_76.png */; };
		68EA23561862A1ED00CBD1DE /* logo_120_120.png in Resources */ = {isa = PBXBuildFile; fileRef = 68EA23511862A1ED00CBD1DE /* logo_120_120.png */; };
		68EA23571862A1ED00CBD1DE /* logo_152_152.png in Resources */ = {isa = PBXBuildFile; fileRef = 68EA23521862A1ED00CBD1DE /* logo_152_152.png */; };
		68EA23581862A1ED00CBD1DE /* logo_store_hires.png in Resources */ = {isa = PBXBuildFile; fileRef = 68EA23531862A1ED00CBD1DE /* logo_store_hires.png */; };
		68EDB16316548E6100F89C5E /* iAd.framework in Frameworks */ = {isa = PBXBuildFile; fileRef = 68EDB16216548E6100F89C5E /* iAd.framework */; };
		68F0D13C1666735F009726A7 /* ad_banner.html in Resources */ = {isa = PBXBuildFile; fileRef = 68F0D13B1666735F009726A7 /* ad_banner.html */; };
		68FB2F41178799A9007A14E6 /* iPhone_Storyboard.storyboard in Resources */ = {isa = PBXBuildFile; fileRef = 68FB2F40178799A9007A14E6 /* iPhone_Storyboard.storyboard */; };
		74046D8A13C156D500087CB7 /* infoWeb.html in Resources */ = {isa = PBXBuildFile; fileRef = 74046D8913C156D500087CB7 /* infoWeb.html */; };
		740673BE13C0C01900FC42D1 /* infoView.m in Sources */ = {isa = PBXBuildFile; fileRef = 740673BC13C0C01900FC42D1 /* infoView.m */; };
		740673BF13C0C01900FC42D1 /* infoView.xib in Resources */ = {isa = PBXBuildFile; fileRef = 740673BD13C0C01900FC42D1 /* infoView.xib */; };
		7406F02F138EF052004A7017 /* NetWebViewController.m in Sources */ = {isa = PBXBuildFile; fileRef = 7406F02D138EF052004A7017 /* NetWebViewController.m */; };
		7406F030138EF052004A7017 /* NetWebView.xib in Resources */ = {isa = PBXBuildFile; fileRef = 7406F02E138EF052004A7017 /* NetWebView.xib */; };
		74653EC813C42EF3001722AA /* Reachability.m in Sources */ = {isa = PBXBuildFile; fileRef = 74653EC713C42EF3001722AA /* Reachability.m */; settings = {COMPILER_FLAGS = "-fno-objc-arc"; }; };
		74653ECA13C42F33001722AA /* SystemConfiguration.framework in Frameworks */ = {isa = PBXBuildFile; fileRef = 74653EC913C42F33001722AA /* SystemConfiguration.framework */; };
		746FE17413A14D260033B2A8 /* PlanViewController.m in Sources */ = {isa = PBXBuildFile; fileRef = 746FE17213A14D260033B2A8 /* PlanViewController.m */; };
		746FE17513A14D260033B2A8 /* PlanViewController.xib in Resources */ = {isa = PBXBuildFile; fileRef = 746FE17313A14D260033B2A8 /* PlanViewController.xib */; };
		746FE1A213A1625C0033B2A8 /* DayParse.m in Sources */ = {isa = PBXBuildFile; fileRef = 746FE1A113A1625C0033B2A8 /* DayParse.m */; };
		74749BFA1387034600023F46 /* Parser.m in Sources */ = {isa = PBXBuildFile; fileRef = 74749BF91387034600023F46 /* Parser.m */; };
		74749C00138703F400023F46 /* Detail.m in Sources */ = {isa = PBXBuildFile; fileRef = 74749BFE138703F400023F46 /* Detail.m */; };
		74749C01138703F400023F46 /* Old_Detail.xib in Resources */ = {isa = PBXBuildFile; fileRef = 74749BFF138703F400023F46 /* Old_Detail.xib */; };
		74801A74157574A70029CF86 /* LiveEvents.m in Sources */ = {isa = PBXBuildFile; fileRef = 74801A73157574A70029CF86 /* LiveEvents.m */; };
		74801A76157575E60029CF86 /* LiveEventsView.xib in Resources */ = {isa = PBXBuildFile; fileRef = 74801A75157575E60029CF86 /* LiveEventsView.xib */; };
		74801A7A157579390029CF86 /* 8hours.jpg in Resources */ = {isa = PBXBuildFile; fileRef = 74801A77157579390029CF86 /* 8hours.jpg */; };
		74801A7C157579390029CF86 /* wtb.jpg in Resources */ = {isa = PBXBuildFile; fileRef = 74801A79157579390029CF86 /* wtb.jpg */; };
		74930973138D76DF0036A23E /* PodcastViewController.m in Sources */ = {isa = PBXBuildFile; fileRef = 74930971138D76DF0036A23E /* PodcastViewController.m */; };
		74930974138D76DF0036A23E /* PodcastViewController.xib in Resources */ = {isa = PBXBuildFile; fileRef = 74930972138D76DF0036A23E /* PodcastViewController.xib */; };
		749309BD138D87B20036A23E /* PodcastViewDetail.m in Sources */ = {isa = PBXBuildFile; fileRef = 749309BB138D87B20036A23E /* PodcastViewDetail.m */; };
		749309BE138D87B20036A23E /* PodcastViewDetail.xib in Resources */ = {isa = PBXBuildFile; fileRef = 749309BC138D87B20036A23E /* PodcastViewDetail.xib */; };
		74BDAE4513A2943300DFD501 /* PlanDetail.m in Sources */ = {isa = PBXBuildFile; fileRef = 74BDAE4313A2943300DFD501 /* PlanDetail.m */; };
		74BDAE4613A2943300DFD501 /* PlanDetail.xib in Resources */ = {isa = PBXBuildFile; fileRef = 74BDAE4413A2943300DFD501 /* PlanDetail.xib */; };
		B89463861593E3060099C249 /* EventKit.framework in Frameworks */ = {isa = PBXBuildFile; fileRef = B89463851593E3060099C249 /* EventKit.framework */; settings = {ATTRIBUTES = (Weak, ); }; };
		B8E4B37F159260EC00923F5A /* LiveEventsView2.xib in Resources */ = {isa = PBXBuildFile; fileRef = B8E4B37E159260EC00923F5A /* LiveEventsView2.xib */; };
		D950EFB415AF9F48002CE20F /* LiveEventsView2~ipad.xib in Resources */ = {isa = PBXBuildFile; fileRef = D950EFB315AF9F48002CE20F /* LiveEventsView2~ipad.xib */; };
		D986C38315BE2FB700BDFAAF /* Detail~ipad.xib in Resources */ = {isa = PBXBuildFile; fileRef = D986C38215BE2FB700BDFAAF /* Detail~ipad.xib */; };
		D986C3B315BF628700BDFAAF /* facebookViewController.m in Sources */ = {isa = PBXBuildFile; fileRef = D986C3B115BF628600BDFAAF /* facebookViewController.m */; };
		D986C3B415BF628700BDFAAF /* facebookViewController.xib in Resources */ = {isa = PBXBuildFile; fileRef = D986C3B215BF628700BDFAAF /* facebookViewController.xib */; };
		D986C43815C1FC0F00BDFAAF /* PodcastViewDetail~ipad.xib in Resources */ = {isa = PBXBuildFile; fileRef = D986C43715C1FC0E00BDFAAF /* PodcastViewDetail~ipad.xib */; };
		D9BABD0515AF872C00F134FB /* MediaPlayer.framework in Frameworks */ = {isa = PBXBuildFile; fileRef = D9BABD0415AF872C00F134FB /* MediaPlayer.framework */; };
		D9BABD0A15AF9BF300F134FB /* MainWindow-iPad.xib in Resources */ = {isa = PBXBuildFile; fileRef = D9BABD0915AF9BF300F134FB /* MainWindow-iPad.xib */; };
		D9BABD1415AF9E8C00F134FB /* flipsideview~ipad.xib in Resources */ = {isa = PBXBuildFile; fileRef = D9BABD0C15AF9E8C00F134FB /* flipsideview~ipad.xib */; };
		D9BABD1515AF9E8C00F134FB /* infoView~ipad.xib in Resources */ = {isa = PBXBuildFile; fileRef = D9BABD0D15AF9E8C00F134FB /* infoView~ipad.xib */; };
		D9BABD1615AF9E8C00F134FB /* NetWebView~ipad.xib in Resources */ = {isa = PBXBuildFile; fileRef = D9BABD0E15AF9E8C00F134FB /* NetWebView~ipad.xib */; };
		D9BABD1715AF9E8C00F134FB /* PlanDetail~ipad.xib in Resources */ = {isa = PBXBuildFile; fileRef = D9BABD0F15AF9E8C00F134FB /* PlanDetail~ipad.xib */; };
		D9BABD1815AF9E8C00F134FB /* PlanViewController~ipad.xib in Resources */ = {isa = PBXBuildFile; fileRef = D9BABD1015AF9E8C00F134FB /* PlanViewController~ipad.xib */; };
		D9BABD1915AF9E8C00F134FB /* PodcastViewController~ipad.xib in Resources */ = {isa = PBXBuildFile; fileRef = D9BABD1115AF9E8C00F134FB /* PodcastViewController~ipad.xib */; };
/* End PBXBuildFile section */

/* Begin PBXFileReference section */
		1D30AB110D05D00D00671497 /* Foundation.framework */ = {isa = PBXFileReference; lastKnownFileType = wrapper.framework; name = Foundation.framework; path = System/Library/Frameworks/Foundation.framework; sourceTree = SDKROOT; };
		1D3623240D0F684500981E51 /* DaysAppDelegate.h */ = {isa = PBXFileReference; fileEncoding = 4; lastKnownFileType = sourcecode.c.h; path = DaysAppDelegate.h; sourceTree = "<group>"; };
		1D3623250D0F684500981E51 /* DaysAppDelegate.m */ = {isa = PBXFileReference; fileEncoding = 4; lastKnownFileType = sourcecode.c.objc; path = DaysAppDelegate.m; sourceTree = "<group>"; };
		1D6058910D05DD3D006BFB54 /* Days.app */ = {isa = PBXFileReference; explicitFileType = wrapper.application; includeInIndex = 0; path = Days.app; sourceTree = BUILT_PRODUCTS_DIR; };
		1DF5F4DF0D08C38300B7A737 /* UIKit.framework */ = {isa = PBXFileReference; lastKnownFileType = wrapper.framework; name = UIKit.framework; path = System/Library/Frameworks/UIKit.framework; sourceTree = SDKROOT; };
		2892E40F0DC94CBA00A64D0F /* CoreGraphics.framework */ = {isa = PBXFileReference; lastKnownFileType = wrapper.framework; name = CoreGraphics.framework; path = System/Library/Frameworks/CoreGraphics.framework; sourceTree = SDKROOT; };
		28A0AAE50D9B0CCF005BE974 /* Days_Prefix.pch */ = {isa = PBXFileReference; fileEncoding = 4; lastKnownFileType = sourcecode.c.h; path = Days_Prefix.pch; sourceTree = "<group>"; };
		28AD735F0D9D9599002E5188 /* MainWindow.xib */ = {isa = PBXFileReference; lastKnownFileType = file.xib; path = MainWindow.xib; sourceTree = "<group>"; };
		28C286DF0D94DF7D0034E888 /* RootViewController.h */ = {isa = PBXFileReference; fileEncoding = 4; lastKnownFileType = sourcecode.c.h; path = RootViewController.h; sourceTree = "<group>"; };
		28C286E00D94DF7D0034E888 /* RootViewController.m */ = {isa = PBXFileReference; fileEncoding = 4; lastKnownFileType = sourcecode.c.objc; path = RootViewController.m; sourceTree = "<group>"; };
		28F335F01007B36200424DE2 /* RootViewController.xib */ = {isa = PBXFileReference; lastKnownFileType = file.xib; path = RootViewController.xib; sourceTree = "<group>"; };
		29B97316FDCFA39411CA2CEA /* main.m */ = {isa = PBXFileReference; fileEncoding = 4; lastKnownFileType = sourcecode.c.objc; path = main.m; sourceTree = "<group>"; };
		3D138A0E1883920A00AEB064 /* SplitViewController.h */ = {isa = PBXFileReference; fileEncoding = 4; lastKnownFileType = sourcecode.c.h; path = SplitViewController.h; sourceTree = "<group>"; };
		3D138A0F1883920A00AEB064 /* SplitViewController.m */ = {isa = PBXFileReference; fileEncoding = 4; lastKnownFileType = sourcecode.c.objc; path = SplitViewController.m; sourceTree = "<group>"; };
		3D138A11188397FA00AEB064 /* DetailViewController.h */ = {isa = PBXFileReference; fileEncoding = 4; lastKnownFileType = sourcecode.c.h; path = DetailViewController.h; sourceTree = "<group>"; };
		3D138A12188397FA00AEB064 /* DetailViewController.m */ = {isa = PBXFileReference; fileEncoding = 4; lastKnownFileType = sourcecode.c.objc; path = DetailViewController.m; sourceTree = "<group>"; };
		3DB83258187CFD4600607517 /* iPad_Storyboard.storyboard */ = {isa = PBXFileReference; fileEncoding = 4; lastKnownFileType = file.storyboard; path = iPad_Storyboard.storyboard; sourceTree = "<group>"; };
		3DB8325A187D029500607517 /* iPad_intro.html */ = {isa = PBXFileReference; fileEncoding = 4; lastKnownFileType = text.html; path = iPad_intro.html; sourceTree = "<group>"; };
		3DB8325C187D045F00607517 /* iPad_introViewController.h */ = {isa = PBXFileReference; fileEncoding = 4; lastKnownFileType = sourcecode.c.h; path = iPad_introViewController.h; sourceTree = "<group>"; };
		3DB8325D187D046000607517 /* iPad_introViewController.m */ = {isa = PBXFileReference; fileEncoding = 4; lastKnownFileType = sourcecode.c.objc; path = iPad_introViewController.m; sourceTree = "<group>"; };
		680B06C017B9939600EC94E0 /* loadFeed.h */ = {isa = PBXFileReference; fileEncoding = 4; lastKnownFileType = sourcecode.c.h; path = loadFeed.h; sourceTree = "<group>"; };
		680B06C117B9939600EC94E0 /* loadFeed.m */ = {isa = PBXFileReference; fileEncoding = 4; lastKnownFileType = sourcecode.c.objc; path = loadFeed.m; sourceTree = "<group>"; };
		680B06C317C12D0200EC94E0 /* PlanCarouselViewController.h */ = {isa = PBXFileReference; fileEncoding = 4; lastKnownFileType = sourcecode.c.h; path = PlanCarouselViewController.h; sourceTree = "<group>"; };
		680B06C417C12D0200EC94E0 /* PlanCarouselViewController.m */ = {isa = PBXFileReference; fileEncoding = 4; lastKnownFileType = sourcecode.c.objc; path = PlanCarouselViewController.m; sourceTree = "<group>"; };
		680B06C617C12EDC00EC94E0 /* CarouselViewController.h */ = {isa = PBXFileReference; fileEncoding = 4; lastKnownFileType = sourcecode.c.h; path = CarouselViewController.h; sourceTree = "<group>"; };
		680B06C717C12EDC00EC94E0 /* CarouselViewController.m */ = {isa = PBXFileReference; fileEncoding = 4; lastKnownFileType = sourcecode.c.objc; path = CarouselViewController.m; sourceTree = "<group>"; };
		680B06C917C130B500EC94E0 /* page.png */ = {isa = PBXFileReference; lastKnownFileType = image.png; path = page.png; sourceTree = "<group>"; };
		680B06D117C1612900EC94E0 /* iCarousel.h */ = {isa = PBXFileReference; fileEncoding = 4; lastKnownFileType = sourcecode.c.h; path = iCarousel.h; sourceTree = "<group>"; };
		680B06D217C1612900EC94E0 /* iCarousel.m */ = {isa = PBXFileReference; fileEncoding = 4; lastKnownFileType = sourcecode.c.objc; path = iCarousel.m; sourceTree = "<group>"; };
		680B06D417C168AB00EC94E0 /* QuartzCore.framework */ = {isa = PBXFileReference; lastKnownFileType = wrapper.framework; name = QuartzCore.framework; path = System/Library/Frameworks/QuartzCore.framework; sourceTree = SDKROOT; };
		680B06D617C921A100EC94E0 /* ipod_page.png */ = {isa = PBXFileReference; lastKnownFileType = image.png; path = ipod_page.png; sourceTree = "<group>"; };
		680B06D817CC526A00EC94E0 /* red_page.png */ = {isa = PBXFileReference; lastKnownFileType = image.png; path = red_page.png; sourceTree = "<group>"; };
		6822F9C4167008A600911C96 /* AVFoundation.framework */ = {isa = PBXFileReference; lastKnownFileType = wrapper.framework; name = AVFoundation.framework; path = System/Library/Frameworks/AVFoundation.framework; sourceTree = SDKROOT; };
		6822F9C6167662C700911C96 /* ProductsViewController.h */ = {isa = PBXFileReference; fileEncoding = 4; lastKnownFileType = sourcecode.c.h; path = ProductsViewController.h; sourceTree = "<group>"; };
		6822F9C7167662C700911C96 /* ProductsViewController.m */ = {isa = PBXFileReference; fileEncoding = 4; lastKnownFileType = sourcecode.c.objc; path = ProductsViewController.m; sourceTree = "<group>"; };
		6822F9C8167662C700911C96 /* ProductsViewController.xib */ = {isa = PBXFileReference; fileEncoding = 4; lastKnownFileType = file.xib; name = ProductsViewController.xib; path = Classes/ProductsViewController.xib; sourceTree = "<group>"; };
		683886AE17A564A3001E0C22 /* Social.framework */ = {isa = PBXFileReference; lastKnownFileType = wrapper.framework; name = Social.framework; path = System/Library/Frameworks/Social.framework; sourceTree = SDKROOT; };
		683886B017A5889E001E0C22 /* Accounts.framework */ = {isa = PBXFileReference; lastKnownFileType = wrapper.framework; name = Accounts.framework; path = System/Library/Frameworks/Accounts.framework; sourceTree = SDKROOT; };
		68511E9B187514C6008CCBC5 /* Default-568h@2x.png */ = {isa = PBXFileReference; lastKnownFileType = image.png; path = "Default-568h@2x.png"; sourceTree = "<group>"; };
		68578D3017A5DDF20052E753 /* Media.xcassets */ = {isa = PBXFileReference; lastKnownFileType = folder.assetcatalog; path = Media.xcassets; sourceTree = "<group>"; };
		68578D3217A6B8CA0052E753 /* HomeScreenViewController.h */ = {isa = PBXFileReference; fileEncoding = 4; lastKnownFileType = sourcecode.c.h; path = HomeScreenViewController.h; sourceTree = "<group>"; };
		68578D3317A6B8CA0052E753 /* HomeScreenViewController.m */ = {isa = PBXFileReference; fileEncoding = 4; lastKnownFileType = sourcecode.c.objc; path = HomeScreenViewController.m; sourceTree = "<group>"; };
		68647E9617B08EA200E6B367 /* days_schedule.xml */ = {isa = PBXFileReference; fileEncoding = 4; lastKnownFileType = text.xml; path = days_schedule.xml; sourceTree = "<group>"; };
		68647E9917B3264600E6B367 /* GAI.h */ = {isa = PBXFileReference; fileEncoding = 4; lastKnownFileType = sourcecode.c.h; path = GAI.h; sourceTree = "<group>"; };
		68647E9A17B3264600E6B367 /* GAITrackedViewController.h */ = {isa = PBXFileReference; fileEncoding = 4; lastKnownFileType = sourcecode.c.h; path = GAITrackedViewController.h; sourceTree = "<group>"; };
		68647E9B17B3264600E6B367 /* GAITracker.h */ = {isa = PBXFileReference; fileEncoding = 4; lastKnownFileType = sourcecode.c.h; path = GAITracker.h; sourceTree = "<group>"; };
		68647E9C17B3264600E6B367 /* GAITransaction.h */ = {isa = PBXFileReference; fileEncoding = 4; lastKnownFileType = sourcecode.c.h; path = GAITransaction.h; sourceTree = "<group>"; };
		68647E9D17B3264600E6B367 /* GAITransactionItem.h */ = {isa = PBXFileReference; fileEncoding = 4; lastKnownFileType = sourcecode.c.h; path = GAITransactionItem.h; sourceTree = "<group>"; };
		68647E9E17B3264600E6B367 /* libGoogleAnalytics.a */ = {isa = PBXFileReference; lastKnownFileType = archive.ar; path = libGoogleAnalytics.a; sourceTree = "<group>"; };
		68647EA017B326A700E6B367 /* CoreData.framework */ = {isa = PBXFileReference; lastKnownFileType = wrapper.framework; name = CoreData.framework; path = System/Library/Frameworks/CoreData.framework; sourceTree = SDKROOT; };
		68647EA217B32ED100E6B367 /* Settings.bundle */ = {isa = PBXFileReference; lastKnownFileType = "wrapper.plug-in"; path = Settings.bundle; sourceTree = "<group>"; };
		68A071CA13B02E5900F8BC64 /* status.txt */ = {isa = PBXFileReference; explicitFileType = text; fileEncoding = 4; path = status.txt; sourceTree = "<group>"; };
		68A0728B13B3FCD100F8BC64 /* flipsideViewController.h */ = {isa = PBXFileReference; fileEncoding = 4; lastKnownFileType = sourcecode.c.h; path = flipsideViewController.h; sourceTree = "<group>"; };
		68A0728C13B3FCD100F8BC64 /* flipsideViewController.m */ = {isa = PBXFileReference; fileEncoding = 4; lastKnownFileType = sourcecode.c.objc; path = flipsideViewController.m; sourceTree = "<group>"; };
		68A0728D13B3FCD100F8BC64 /* flipsideView.xib */ = {isa = PBXFileReference; lastKnownFileType = file.xib; name = flipsideView.xib; path = Classes/flipsideView.xib; sourceTree = "<group>"; };
		68E39C9C17D6BCB200F61B8B /* PodcastPlayerViewController.h */ = {isa = PBXFileReference; fileEncoding = 4; lastKnownFileType = sourcecode.c.h; path = PodcastPlayerViewController.h; sourceTree = "<group>"; };
		68E39C9D17D6BCB200F61B8B /* PodcastPlayerViewController.m */ = {isa = PBXFileReference; fileEncoding = 4; lastKnownFileType = sourcecode.c.objc; path = PodcastPlayerViewController.m; sourceTree = "<group>"; };
		68EA234F1862A1ED00CBD1DE /* logo_60_60.png */ = {isa = PBXFileReference; lastKnownFileType = image.png; path = logo_60_60.png; sourceTree = "<group>"; };
		68EA23501862A1ED00CBD1DE /* logo_76_76.png */ = {isa = PBXFileReference; lastKnownFileType = image.png; path = logo_76_76.png; sourceTree = "<group>"; };
		68EA23511862A1ED00CBD1DE /* logo_120_120.png */ = {isa = PBXFileReference; lastKnownFileType = image.png; path = logo_120_120.png; sourceTree = "<group>"; };
		68EA23521862A1ED00CBD1DE /* logo_152_152.png */ = {isa = PBXFileReference; lastKnownFileType = image.png; path = logo_152_152.png; sourceTree = "<group>"; };
		68EA23531862A1ED00CBD1DE /* logo_store_hires.png */ = {isa = PBXFileReference; lastKnownFileType = image.png; path = logo_store_hires.png; sourceTree = "<group>"; };
		68EDB16216548E6100F89C5E /* iAd.framework */ = {isa = PBXFileReference; lastKnownFileType = wrapper.framework; name = iAd.framework; path = System/Library/Frameworks/iAd.framework; sourceTree = SDKROOT; };
		68F0D13B1666735F009726A7 /* ad_banner.html */ = {isa = PBXFileReference; fileEncoding = 4; lastKnownFileType = text.html; path = ad_banner.html; sourceTree = "<group>"; };
		68FB2F40178799A9007A14E6 /* iPhone_Storyboard.storyboard */ = {isa = PBXFileReference; fileEncoding = 4; lastKnownFileType = file.storyboard; path = iPhone_Storyboard.storyboard; sourceTree = "<group>"; };
		74046D8913C156D500087CB7 /* infoWeb.html */ = {isa = PBXFileReference; fileEncoding = 4; lastKnownFileType = text.html; path = infoWeb.html; sourceTree = "<group>"; };
		740673BB13C0C01900FC42D1 /* infoView.h */ = {isa = PBXFileReference; fileEncoding = 4; lastKnownFileType = sourcecode.c.h; path = infoView.h; sourceTree = "<group>"; };
		740673BC13C0C01900FC42D1 /* infoView.m */ = {isa = PBXFileReference; fileEncoding = 4; lastKnownFileType = sourcecode.c.objc; path = infoView.m; sourceTree = "<group>"; };
		740673BD13C0C01900FC42D1 /* infoView.xib */ = {isa = PBXFileReference; lastKnownFileType = file.xib; name = infoView.xib; path = Classes/infoView.xib; sourceTree = "<group>"; };
		7406F02C138EF052004A7017 /* NetWebViewController.h */ = {isa = PBXFileReference; fileEncoding = 4; lastKnownFileType = sourcecode.c.h; path = NetWebViewController.h; sourceTree = "<group>"; };
		7406F02D138EF052004A7017 /* NetWebViewController.m */ = {isa = PBXFileReference; fileEncoding = 4; lastKnownFileType = sourcecode.c.objc; path = NetWebViewController.m; sourceTree = "<group>"; };
		7406F02E138EF052004A7017 /* NetWebView.xib */ = {isa = PBXFileReference; lastKnownFileType = file.xib; name = NetWebView.xib; path = Classes/NetWebView.xib; sourceTree = "<group>"; };
		74653EC613C42EF3001722AA /* Reachability.h */ = {isa = PBXFileReference; fileEncoding = 4; lastKnownFileType = sourcecode.c.h; name = Reachability.h; path = Classes/Reachability.h; sourceTree = "<group>"; };
		74653EC713C42EF3001722AA /* Reachability.m */ = {isa = PBXFileReference; fileEncoding = 4; lastKnownFileType = sourcecode.c.objc; name = Reachability.m; path = Classes/Reachability.m; sourceTree = "<group>"; };
		74653EC913C42F33001722AA /* SystemConfiguration.framework */ = {isa = PBXFileReference; lastKnownFileType = wrapper.framework; name = SystemConfiguration.framework; path = System/Library/Frameworks/SystemConfiguration.framework; sourceTree = SDKROOT; };
		746FE17113A14D260033B2A8 /* PlanViewController.h */ = {isa = PBXFileReference; fileEncoding = 4; lastKnownFileType = sourcecode.c.h; path = PlanViewController.h; sourceTree = "<group>"; };
		746FE17213A14D260033B2A8 /* PlanViewController.m */ = {isa = PBXFileReference; fileEncoding = 4; lastKnownFileType = sourcecode.c.objc; path = PlanViewController.m; sourceTree = "<group>"; };
		746FE17313A14D260033B2A8 /* PlanViewController.xib */ = {isa = PBXFileReference; lastKnownFileType = file.xib; name = PlanViewController.xib; path = Classes/PlanViewController.xib; sourceTree = "<group>"; };
		746FE1A013A1625C0033B2A8 /* DayParse.h */ = {isa = PBXFileReference; fileEncoding = 4; lastKnownFileType = sourcecode.c.h; name = DayParse.h; path = Classes/DayParse.h; sourceTree = "<group>"; };
		746FE1A113A1625C0033B2A8 /* DayParse.m */ = {isa = PBXFileReference; fileEncoding = 4; lastKnownFileType = sourcecode.c.objc; name = DayParse.m; path = Classes/DayParse.m; sourceTree = "<group>"; };
		74749BF81387034600023F46 /* Parser.h */ = {isa = PBXFileReference; fileEncoding = 4; lastKnownFileType = sourcecode.c.h; name = Parser.h; path = Classes/Parser.h; sourceTree = "<group>"; };
		74749BF91387034600023F46 /* Parser.m */ = {isa = PBXFileReference; fileEncoding = 4; lastKnownFileType = sourcecode.c.objc; name = Parser.m; path = Classes/Parser.m; sourceTree = "<group>"; };
		74749BFD138703F400023F46 /* Detail.h */ = {isa = PBXFileReference; fileEncoding = 4; lastKnownFileType = sourcecode.c.h; path = Detail.h; sourceTree = "<group>"; };
		74749BFE138703F400023F46 /* Detail.m */ = {isa = PBXFileReference; fileEncoding = 4; lastKnownFileType = sourcecode.c.objc; path = Detail.m; sourceTree = "<group>"; };
		74749BFF138703F400023F46 /* Old_Detail.xib */ = {isa = PBXFileReference; lastKnownFileType = file.xib; name = Old_Detail.xib; path = Classes/Old_Detail.xib; sourceTree = "<group>"; };
		74801A72157574A70029CF86 /* LiveEvents.h */ = {isa = PBXFileReference; fileEncoding = 4; lastKnownFileType = sourcecode.c.h; path = LiveEvents.h; sourceTree = "<group>"; };
		74801A73157574A70029CF86 /* LiveEvents.m */ = {isa = PBXFileReference; fileEncoding = 4; lastKnownFileType = sourcecode.c.objc; path = LiveEvents.m; sourceTree = "<group>"; };
		74801A75157575E60029CF86 /* LiveEventsView.xib */ = {isa = PBXFileReference; fileEncoding = 4; lastKnownFileType = file.xib; path = LiveEventsView.xib; sourceTree = "<group>"; };
		74801A77157579390029CF86 /* 8hours.jpg */ = {isa = PBXFileReference; lastKnownFileType = image.jpeg; path = 8hours.jpg; sourceTree = "<group>"; };
		74801A79157579390029CF86 /* wtb.jpg */ = {isa = PBXFileReference; lastKnownFileType = image.jpeg; path = wtb.jpg; sourceTree = "<group>"; };
		74930970138D76DF0036A23E /* PodcastViewController.h */ = {isa = PBXFileReference; fileEncoding = 4; lastKnownFileType = sourcecode.c.h; path = PodcastViewController.h; sourceTree = "<group>"; };
		74930971138D76DF0036A23E /* PodcastViewController.m */ = {isa = PBXFileReference; fileEncoding = 4; lastKnownFileType = sourcecode.c.objc; path = PodcastViewController.m; sourceTree = "<group>"; };
		74930972138D76DF0036A23E /* PodcastViewController.xib */ = {isa = PBXFileReference; lastKnownFileType = file.xib; name = PodcastViewController.xib; path = Classes/PodcastViewController.xib; sourceTree = "<group>"; };
		749309BA138D87B20036A23E /* PodcastViewDetail.h */ = {isa = PBXFileReference; fileEncoding = 4; lastKnownFileType = sourcecode.c.h; path = PodcastViewDetail.h; sourceTree = "<group>"; };
		749309BB138D87B20036A23E /* PodcastViewDetail.m */ = {isa = PBXFileReference; fileEncoding = 4; lastKnownFileType = sourcecode.c.objc; path = PodcastViewDetail.m; sourceTree = "<group>"; };
		749309BC138D87B20036A23E /* PodcastViewDetail.xib */ = {isa = PBXFileReference; lastKnownFileType = file.xib; name = PodcastViewDetail.xib; path = Classes/PodcastViewDetail.xib; sourceTree = "<group>"; };
		74BDAE4213A2943300DFD501 /* PlanDetail.h */ = {isa = PBXFileReference; fileEncoding = 4; lastKnownFileType = sourcecode.c.h; path = PlanDetail.h; sourceTree = "<group>"; };
		74BDAE4313A2943300DFD501 /* PlanDetail.m */ = {isa = PBXFileReference; fileEncoding = 4; lastKnownFileType = sourcecode.c.objc; path = PlanDetail.m; sourceTree = "<group>"; };
		74BDAE4413A2943300DFD501 /* PlanDetail.xib */ = {isa = PBXFileReference; lastKnownFileType = file.xib; name = PlanDetail.xib; path = Classes/PlanDetail.xib; sourceTree = "<group>"; };
		8D1107310486CEB800E47090 /* Days-Info.plist */ = {isa = PBXFileReference; fileEncoding = 4; lastKnownFileType = text.plist.xml; path = "Days-Info.plist"; plistStructureDefinitionIdentifier = "com.apple.xcode.plist.structure-definition.iphone.info-plist"; sourceTree = "<group>"; };
		B89463851593E3060099C249 /* EventKit.framework */ = {isa = PBXFileReference; lastKnownFileType = wrapper.framework; name = EventKit.framework; path = System/Library/Frameworks/EventKit.framework; sourceTree = SDKROOT; };
		B8E4B37E159260EC00923F5A /* LiveEventsView2.xib */ = {isa = PBXFileReference; fileEncoding = 4; lastKnownFileType = file.xib; path = LiveEventsView2.xib; sourceTree = "<group>"; };
		D950EFB315AF9F48002CE20F /* LiveEventsView2~ipad.xib */ = {isa = PBXFileReference; fileEncoding = 4; lastKnownFileType = file.xib; path = "LiveEventsView2~ipad.xib"; sourceTree = "<group>"; };
		D984C1E615AE29D0004025B5 /* AudioToolbox.framework */ = {isa = PBXFileReference; lastKnownFileType = wrapper.framework; name = AudioToolbox.framework; path = System/Library/Frameworks/AudioToolbox.framework; sourceTree = SDKROOT; };
		D986C38215BE2FB700BDFAAF /* Detail~ipad.xib */ = {isa = PBXFileReference; fileEncoding = 4; lastKnownFileType = file.xib; name = "Detail~ipad.xib"; path = "Classes/Detail~ipad.xib"; sourceTree = "<group>"; };
		D986C3B015BF628500BDFAAF /* facebookViewController.h */ = {isa = PBXFileReference; fileEncoding = 4; lastKnownFileType = sourcecode.c.h; path = facebookViewController.h; sourceTree = "<group>"; };
		D986C3B115BF628600BDFAAF /* facebookViewController.m */ = {isa = PBXFileReference; fileEncoding = 4; lastKnownFileType = sourcecode.c.objc; path = facebookViewController.m; sourceTree = "<group>"; };
		D986C3B215BF628700BDFAAF /* facebookViewController.xib */ = {isa = PBXFileReference; fileEncoding = 4; lastKnownFileType = file.xib; name = facebookViewController.xib; path = Classes/facebookViewController.xib; sourceTree = "<group>"; };
		D986C43715C1FC0E00BDFAAF /* PodcastViewDetail~ipad.xib */ = {isa = PBXFileReference; fileEncoding = 4; lastKnownFileType = file.xib; name = "PodcastViewDetail~ipad.xib"; path = "Classes/PodcastViewDetail~ipad.xib"; sourceTree = "<group>"; };
		D9BABD0415AF872C00F134FB /* MediaPlayer.framework */ = {isa = PBXFileReference; lastKnownFileType = wrapper.framework; name = MediaPlayer.framework; path = System/Library/Frameworks/MediaPlayer.framework; sourceTree = SDKROOT; };
		D9BABD0915AF9BF300F134FB /* MainWindow-iPad.xib */ = {isa = PBXFileReference; lastKnownFileType = file.xib; name = "MainWindow-iPad.xib"; path = "iPad/MainWindow-iPad.xib"; sourceTree = "<group>"; };
		D9BABD0C15AF9E8C00F134FB /* flipsideview~ipad.xib */ = {isa = PBXFileReference; fileEncoding = 4; lastKnownFileType = file.xib; name = "flipsideview~ipad.xib"; path = "Classes/flipsideview~ipad.xib"; sourceTree = "<group>"; };
		D9BABD0D15AF9E8C00F134FB /* infoView~ipad.xib */ = {isa = PBXFileReference; fileEncoding = 4; lastKnownFileType = file.xib; name = "infoView~ipad.xib"; path = "Classes/infoView~ipad.xib"; sourceTree = "<group>"; };
		D9BABD0E15AF9E8C00F134FB /* NetWebView~ipad.xib */ = {isa = PBXFileReference; fileEncoding = 4; lastKnownFileType = file.xib; name = "NetWebView~ipad.xib"; path = "Classes/NetWebView~ipad.xib"; sourceTree = "<group>"; };
		D9BABD0F15AF9E8C00F134FB /* PlanDetail~ipad.xib */ = {isa = PBXFileReference; fileEncoding = 4; lastKnownFileType = file.xib; name = "PlanDetail~ipad.xib"; path = "Classes/PlanDetail~ipad.xib"; sourceTree = "<group>"; };
		D9BABD1015AF9E8C00F134FB /* PlanViewController~ipad.xib */ = {isa = PBXFileReference; fileEncoding = 4; lastKnownFileType = file.xib; name = "PlanViewController~ipad.xib"; path = "Classes/PlanViewController~ipad.xib"; sourceTree = "<group>"; };
		D9BABD1115AF9E8C00F134FB /* PodcastViewController~ipad.xib */ = {isa = PBXFileReference; fileEncoding = 4; lastKnownFileType = file.xib; name = "PodcastViewController~ipad.xib"; path = "Classes/PodcastViewController~ipad.xib"; sourceTree = "<group>"; };
/* End PBXFileReference section */

/* Begin PBXFrameworksBuildPhase section */
		1D60588F0D05DD3D006BFB54 /* Frameworks */ = {
			isa = PBXFrameworksBuildPhase;
			buildActionMask = 2147483647;
			files = (
				680B06D517C168AB00EC94E0 /* QuartzCore.framework in Frameworks */,
				68647EA117B326A700E6B367 /* CoreData.framework in Frameworks */,
				683886B117A5889E001E0C22 /* Accounts.framework in Frameworks */,
				683886AF17A564A3001E0C22 /* Social.framework in Frameworks */,
				6822F9C5167008A600911C96 /* AVFoundation.framework in Frameworks */,
				68EDB16316548E6100F89C5E /* iAd.framework in Frameworks */,
				D9BABD0515AF872C00F134FB /* MediaPlayer.framework in Frameworks */,
				B89463861593E3060099C249 /* EventKit.framework in Frameworks */,
				1D60589F0D05DD5A006BFB54 /* Foundation.framework in Frameworks */,
				1DF5F4E00D08C38300B7A737 /* UIKit.framework in Frameworks */,
				2892E4100DC94CBA00A64D0F /* CoreGraphics.framework in Frameworks */,
				68647E9F17B3264600E6B367 /* libGoogleAnalytics.a in Frameworks */,
				74653ECA13C42F33001722AA /* SystemConfiguration.framework in Frameworks */,
			);
			runOnlyForDeploymentPostprocessing = 0;
		};
/* End PBXFrameworksBuildPhase section */

/* Begin PBXGroup section */
		080E96DDFE201D6D7F000001 /* Classes */ = {
			isa = PBXGroup;
			children = (
				28C286DF0D94DF7D0034E888 /* RootViewController.h */,
				28C286E00D94DF7D0034E888 /* RootViewController.m */,
				1D3623240D0F684500981E51 /* DaysAppDelegate.h */,
				1D3623250D0F684500981E51 /* DaysAppDelegate.m */,
				74749BFD138703F400023F46 /* Detail.h */,
				74749BFE138703F400023F46 /* Detail.m */,
				74930970138D76DF0036A23E /* PodcastViewController.h */,
				74930971138D76DF0036A23E /* PodcastViewController.m */,
				749309BA138D87B20036A23E /* PodcastViewDetail.h */,
				749309BB138D87B20036A23E /* PodcastViewDetail.m */,
				68E39C9C17D6BCB200F61B8B /* PodcastPlayerViewController.h */,
				68E39C9D17D6BCB200F61B8B /* PodcastPlayerViewController.m */,
				7406F02C138EF052004A7017 /* NetWebViewController.h */,
				7406F02D138EF052004A7017 /* NetWebViewController.m */,
				746FE17113A14D260033B2A8 /* PlanViewController.h */,
				746FE17213A14D260033B2A8 /* PlanViewController.m */,
				74BDAE4213A2943300DFD501 /* PlanDetail.h */,
				74BDAE4313A2943300DFD501 /* PlanDetail.m */,
				68A0728B13B3FCD100F8BC64 /* flipsideViewController.h */,
				68A0728C13B3FCD100F8BC64 /* flipsideViewController.m */,
				740673BB13C0C01900FC42D1 /* infoView.h */,
				740673BC13C0C01900FC42D1 /* infoView.m */,
				74801A72157574A70029CF86 /* LiveEvents.h */,
				74801A73157574A70029CF86 /* LiveEvents.m */,
				D986C3B015BF628500BDFAAF /* facebookViewController.h */,
				D986C3B115BF628600BDFAAF /* facebookViewController.m */,
				6822F9C6167662C700911C96 /* ProductsViewController.h */,
				6822F9C7167662C700911C96 /* ProductsViewController.m */,
				68FB2F40178799A9007A14E6 /* iPhone_Storyboard.storyboard */,
				68578D3217A6B8CA0052E753 /* HomeScreenViewController.h */,
				68578D3317A6B8CA0052E753 /* HomeScreenViewController.m */,
				680B06C017B9939600EC94E0 /* loadFeed.h */,
				680B06C117B9939600EC94E0 /* loadFeed.m */,
				680B06C317C12D0200EC94E0 /* PlanCarouselViewController.h */,
				680B06C417C12D0200EC94E0 /* PlanCarouselViewController.m */,
				680B06C617C12EDC00EC94E0 /* CarouselViewController.h */,
				680B06C717C12EDC00EC94E0 /* CarouselViewController.m */,
				3DB83258187CFD4600607517 /* iPad_Storyboard.storyboard */,
				3DB8325C187D045F00607517 /* iPad_introViewController.h */,
				3DB8325D187D046000607517 /* iPad_introViewController.m */,
				3D138A0E1883920A00AEB064 /* SplitViewController.h */,
				3D138A0F1883920A00AEB064 /* SplitViewController.m */,
				3D138A11188397FA00AEB064 /* DetailViewController.h */,
				3D138A12188397FA00AEB064 /* DetailViewController.m */,
			);
			path = Classes;
			sourceTree = "<group>";
		};
		19C28FACFE9D520D11CA2CBB /* Products */ = {
			isa = PBXGroup;
			children = (
				1D6058910D05DD3D006BFB54 /* Days.app */,
			);
			name = Products;
			sourceTree = "<group>";
		};
		29B97314FDCFA39411CA2CEA /* CustomTemplate */ = {
			isa = PBXGroup;
			children = (
				68511E9B187514C6008CCBC5 /* Default-568h@2x.png */,
				68647EA217B32ED100E6B367 /* Settings.bundle */,
				68647E9817B3261000E6B367 /* Google Analytics */,
				68D17A9117B0132C00E3BACC /* iCarousel */,
				683886AD17A41B9D001E0C22 /* Data */,
				080E96DDFE201D6D7F000001 /* Classes */,
				29B97315FDCFA39411CA2CEA /* Other Sources */,
				29B97317FDCFA39411CA2CEA /* Resources */,
				D9BABD0815AF9BF300F134FB /* iPad */,
				29B97323FDCFA39411CA2CEA /* Frameworks */,
				19C28FACFE9D520D11CA2CBB /* Products */,
			);
			name = CustomTemplate;
			sourceTree = "<group>";
		};
		29B97315FDCFA39411CA2CEA /* Other Sources */ = {
			isa = PBXGroup;
			children = (
				68EA234F1862A1ED00CBD1DE /* logo_60_60.png */,
				68EA23501862A1ED00CBD1DE /* logo_76_76.png */,
				68EA23511862A1ED00CBD1DE /* logo_120_120.png */,
				68EA23521862A1ED00CBD1DE /* logo_152_152.png */,
				68EA23531862A1ED00CBD1DE /* logo_store_hires.png */,
				680B06D817CC526A00EC94E0 /* red_page.png */,
				680B06D617C921A100EC94E0 /* ipod_page.png */,
				680B06C917C130B500EC94E0 /* page.png */,
				68647E9617B08EA200E6B367 /* days_schedule.xml */,
				68F0D13B1666735F009726A7 /* ad_banner.html */,
				74801A77157579390029CF86 /* 8hours.jpg */,
				74801A79157579390029CF86 /* wtb.jpg */,
				28A0AAE50D9B0CCF005BE974 /* Days_Prefix.pch */,
				29B97316FDCFA39411CA2CEA /* main.m */,
				68A071CA13B02E5900F8BC64 /* status.txt */,
				74046D8913C156D500087CB7 /* infoWeb.html */,
				68578D3017A5DDF20052E753 /* Media.xcassets */,
				3DB8325A187D029500607517 /* iPad_intro.html */,
			);
			name = "Other Sources";
			sourceTree = "<group>";
		};
		29B97317FDCFA39411CA2CEA /* Resources */ = {
			isa = PBXGroup;
			children = (
				6822F9C8167662C700911C96 /* ProductsViewController.xib */,
				D986C43715C1FC0E00BDFAAF /* PodcastViewDetail~ipad.xib */,
				D986C3B215BF628700BDFAAF /* facebookViewController.xib */,
				D986C38215BE2FB700BDFAAF /* Detail~ipad.xib */,
				D950EFB315AF9F48002CE20F /* LiveEventsView2~ipad.xib */,
				D9BABD0C15AF9E8C00F134FB /* flipsideview~ipad.xib */,
				D9BABD0D15AF9E8C00F134FB /* infoView~ipad.xib */,
				D9BABD0E15AF9E8C00F134FB /* NetWebView~ipad.xib */,
				D9BABD0F15AF9E8C00F134FB /* PlanDetail~ipad.xib */,
				D9BABD1015AF9E8C00F134FB /* PlanViewController~ipad.xib */,
				D9BABD1115AF9E8C00F134FB /* PodcastViewController~ipad.xib */,
				74749BFF138703F400023F46 /* Old_Detail.xib */,
				7406F02E138EF052004A7017 /* NetWebView.xib */,
				740673BD13C0C01900FC42D1 /* infoView.xib */,
				746FE17313A14D260033B2A8 /* PlanViewController.xib */,
				74BDAE4413A2943300DFD501 /* PlanDetail.xib */,
				68A0728D13B3FCD100F8BC64 /* flipsideView.xib */,
				74930972138D76DF0036A23E /* PodcastViewController.xib */,
				749309BC138D87B20036A23E /* PodcastViewDetail.xib */,
				28F335F01007B36200424DE2 /* RootViewController.xib */,
				28AD735F0D9D9599002E5188 /* MainWindow.xib */,
				8D1107310486CEB800E47090 /* Days-Info.plist */,
				74801A75157575E60029CF86 /* LiveEventsView.xib */,
				B8E4B37E159260EC00923F5A /* LiveEventsView2.xib */,
			);
			name = Resources;
			sourceTree = "<group>";
		};
		29B97323FDCFA39411CA2CEA /* Frameworks */ = {
			isa = PBXGroup;
			children = (
				680B06D417C168AB00EC94E0 /* QuartzCore.framework */,
				68647EA017B326A700E6B367 /* CoreData.framework */,
				683886B017A5889E001E0C22 /* Accounts.framework */,
				683886AE17A564A3001E0C22 /* Social.framework */,
				6822F9C4167008A600911C96 /* AVFoundation.framework */,
				D984C1E615AE29D0004025B5 /* AudioToolbox.framework */,
				D9BABD0415AF872C00F134FB /* MediaPlayer.framework */,
				68EDB16216548E6100F89C5E /* iAd.framework */,
				74653EC913C42F33001722AA /* SystemConfiguration.framework */,
				B89463851593E3060099C249 /* EventKit.framework */,
				1DF5F4DF0D08C38300B7A737 /* UIKit.framework */,
				1D30AB110D05D00D00671497 /* Foundation.framework */,
				2892E40F0DC94CBA00A64D0F /* CoreGraphics.framework */,
			);
			name = Frameworks;
			sourceTree = "<group>";
		};
		683886AD17A41B9D001E0C22 /* Data */ = {
			isa = PBXGroup;
			children = (
				746FE1A013A1625C0033B2A8 /* DayParse.h */,
				746FE1A113A1625C0033B2A8 /* DayParse.m */,
				74653EC613C42EF3001722AA /* Reachability.h */,
				74653EC713C42EF3001722AA /* Reachability.m */,
				74749BF81387034600023F46 /* Parser.h */,
				74749BF91387034600023F46 /* Parser.m */,
			);
			name = Data;
			sourceTree = "<group>";
		};
		68647E9817B3261000E6B367 /* Google Analytics */ = {
			isa = PBXGroup;
			children = (
				68647E9917B3264600E6B367 /* GAI.h */,
				68647E9A17B3264600E6B367 /* GAITrackedViewController.h */,
				68647E9B17B3264600E6B367 /* GAITracker.h */,
				68647E9C17B3264600E6B367 /* GAITransaction.h */,
				68647E9D17B3264600E6B367 /* GAITransactionItem.h */,
				68647E9E17B3264600E6B367 /* libGoogleAnalytics.a */,
			);
			name = "Google Analytics";
			sourceTree = "<group>";
		};
		68D17A9117B0132C00E3BACC /* iCarousel */ = {
			isa = PBXGroup;
			children = (
				680B06D117C1612900EC94E0 /* iCarousel.h */,
				680B06D217C1612900EC94E0 /* iCarousel.m */,
			);
			path = iCarousel;
			sourceTree = "<group>";
		};
		D9BABD0815AF9BF300F134FB /* iPad */ = {
			isa = PBXGroup;
			children = (
				D9BABD0915AF9BF300F134FB /* MainWindow-iPad.xib */,
			);
			name = iPad;
			sourceTree = "<group>";
		};
/* End PBXGroup section */

/* Begin PBXNativeTarget section */
		1D6058900D05DD3D006BFB54 /* Days */ = {
			isa = PBXNativeTarget;
			buildConfigurationList = 1D6058960D05DD3E006BFB54 /* Build configuration list for PBXNativeTarget "Days" */;
			buildPhases = (
				1D60588D0D05DD3D006BFB54 /* Resources */,
				1D60588E0D05DD3D006BFB54 /* Sources */,
				1D60588F0D05DD3D006BFB54 /* Frameworks */,
			);
			buildRules = (
			);
			dependencies = (
			);
			name = Days;
			productName = Days;
			productReference = 1D6058910D05DD3D006BFB54 /* Days.app */;
			productType = "com.apple.product-type.application";
		};
/* End PBXNativeTarget section */

/* Begin PBXProject section */
		29B97313FDCFA39411CA2CEA /* Project object */ = {
			isa = PBXProject;
			attributes = {
				LastUpgradeCheck = 0500;
				TargetAttributes = {
					1D6058900D05DD3D006BFB54 = {
						DevelopmentTeam = GN4W6QZH8W;
					};
				};
			};
			buildConfigurationList = C01FCF4E08A954540054247B /* Build configuration list for PBXProject "Days" */;
			compatibilityVersion = "Xcode 3.2";
			developmentRegion = English;
			hasScannedForEncodings = 1;
			knownRegions = (
				English,
				Japanese,
				French,
				German,
				en,
			);
			mainGroup = 29B97314FDCFA39411CA2CEA /* CustomTemplate */;
			projectDirPath = "";
			projectRoot = "";
			targets = (
				1D6058900D05DD3D006BFB54 /* Days */,
			);
		};
/* End PBXProject section */

/* Begin PBXResourcesBuildPhase section */
		1D60588D0D05DD3D006BFB54 /* Resources */ = {
			isa = PBXResourcesBuildPhase;
			buildActionMask = 2147483647;
			files = (
				28AD73600D9D9599002E5188 /* MainWindow.xib in Resources */,
				28F335F11007B36200424DE2 /* RootViewController.xib in Resources */,
				680B06D717C921A200EC94E0 /* ipod_page.png in Resources */,
				3DB83259187CFD4600607517 /* iPad_Storyboard.storyboard in Resources */,
				74749C01138703F400023F46 /* Old_Detail.xib in Resources */,
				68EA23561862A1ED00CBD1DE /* logo_120_120.png in Resources */,
				68511E9C187514C6008CCBC5 /* Default-568h@2x.png in Resources */,
				68EA23551862A1ED00CBD1DE /* logo_76_76.png in Resources */,
				74930974138D76DF0036A23E /* PodcastViewController.xib in Resources */,
				749309BE138D87B20036A23E /* PodcastViewDetail.xib in Resources */,
				7406F030138EF052004A7017 /* NetWebView.xib in Resources */,
				746FE17513A14D260033B2A8 /* PlanViewController.xib in Resources */,
				74BDAE4613A2943300DFD501 /* PlanDetail.xib in Resources */,
				68A071CB13B02E5900F8BC64 /* status.txt in Resources */,
				68A0728F13B3FCD100F8BC64 /* flipsideView.xib in Resources */,
				740673BF13C0C01900FC42D1 /* infoView.xib in Resources */,
				74046D8A13C156D500087CB7 /* infoWeb.html in Resources */,
				74801A76157575E60029CF86 /* LiveEventsView.xib in Resources */,
				68647E9717B08EA200E6B367 /* days_schedule.xml in Resources */,
				3DB8325B187D029500607517 /* iPad_intro.html in Resources */,
				74801A7A157579390029CF86 /* 8hours.jpg in Resources */,
				68578D3117A5DDF20052E753 /* Media.xcassets in Resources */,
				74801A7C157579390029CF86 /* wtb.jpg in Resources */,
				680B06D917CC526A00EC94E0 /* red_page.png in Resources */,
				B8E4B37F159260EC00923F5A /* LiveEventsView2.xib in Resources */,
				D9BABD0A15AF9BF300F134FB /* MainWindow-iPad.xib in Resources */,
				D9BABD1415AF9E8C00F134FB /* flipsideview~ipad.xib in Resources */,
				D9BABD1515AF9E8C00F134FB /* infoView~ipad.xib in Resources */,
				68FB2F41178799A9007A14E6 /* iPhone_Storyboard.storyboard in Resources */,
				68EA23571862A1ED00CBD1DE /* logo_152_152.png in Resources */,
				680B06CA17C130B500EC94E0 /* page.png in Resources */,
				D9BABD1615AF9E8C00F134FB /* NetWebView~ipad.xib in Resources */,
				D9BABD1715AF9E8C00F134FB /* PlanDetail~ipad.xib in Resources */,
				D9BABD1815AF9E8C00F134FB /* PlanViewController~ipad.xib in Resources */,
				D9BABD1915AF9E8C00F134FB /* PodcastViewController~ipad.xib in Resources */,
				68EA23581862A1ED00CBD1DE /* logo_store_hires.png in Resources */,
				D950EFB415AF9F48002CE20F /* LiveEventsView2~ipad.xib in Resources */,
				68EA23541862A1ED00CBD1DE /* logo_60_60.png in Resources */,
				D986C38315BE2FB700BDFAAF /* Detail~ipad.xib in Resources */,
				D986C3B415BF628700BDFAAF /* facebookViewController.xib in Resources */,
				D986C43815C1FC0F00BDFAAF /* PodcastViewDetail~ipad.xib in Resources */,
				68F0D13C1666735F009726A7 /* ad_banner.html in Resources */,
				68647EA317B32ED100E6B367 /* Settings.bundle in Resources */,
				6822F9CA167662C700911C96 /* ProductsViewController.xib in Resources */,
			);
			runOnlyForDeploymentPostprocessing = 0;
		};
/* End PBXResourcesBuildPhase section */

/* Begin PBXSourcesBuildPhase section */
		1D60588E0D05DD3D006BFB54 /* Sources */ = {
			isa = PBXSourcesBuildPhase;
			buildActionMask = 2147483647;
			files = (
				1D60589B0D05DD56006BFB54 /* main.m in Sources */,
				1D3623260D0F684500981E51 /* DaysAppDelegate.m in Sources */,
				28C286E10D94DF7D0034E888 /* RootViewController.m in Sources */,
				74749BFA1387034600023F46 /* Parser.m in Sources */,
				74749C00138703F400023F46 /* Detail.m in Sources */,
				74930973138D76DF0036A23E /* PodcastViewController.m in Sources */,
				680B06C817C12EDC00EC94E0 /* CarouselViewController.m in Sources */,
				68E39C9E17D6BCB200F61B8B /* PodcastPlayerViewController.m in Sources */,
				680B06C217B9939600EC94E0 /* loadFeed.m in Sources */,
				3D138A13188397FA00AEB064 /* DetailViewController.m in Sources */,
				749309BD138D87B20036A23E /* PodcastViewDetail.m in Sources */,
				7406F02F138EF052004A7017 /* NetWebViewController.m in Sources */,
				746FE17413A14D260033B2A8 /* PlanViewController.m in Sources */,
				68578D3417A6B8CA0052E753 /* HomeScreenViewController.m in Sources */,
				3DB8325E187D046000607517 /* iPad_introViewController.m in Sources */,
				746FE1A213A1625C0033B2A8 /* DayParse.m in Sources */,
				74BDAE4513A2943300DFD501 /* PlanDetail.m in Sources */,
				68A0728E13B3FCD100F8BC64 /* flipsideViewController.m in Sources */,
				680B06D317C1612900EC94E0 /* iCarousel.m in Sources */,
				740673BE13C0C01900FC42D1 /* infoView.m in Sources */,
				74653EC813C42EF3001722AA /* Reachability.m in Sources */,
				74801A74157574A70029CF86 /* LiveEvents.m in Sources */,
				D986C3B315BF628700BDFAAF /* facebookViewController.m in Sources */,
				3D138A101883920A00AEB064 /* SplitViewController.m in Sources */,
				6822F9C9167662C700911C96 /* ProductsViewController.m in Sources */,
				680B06C517C12D0200EC94E0 /* PlanCarouselViewController.m in Sources */,
			);
			runOnlyForDeploymentPostprocessing = 0;
		};
/* End PBXSourcesBuildPhase section */

/* Begin XCBuildConfiguration section */
		1D6058940D05DD3E006BFB54 /* Debug */ = {
			isa = XCBuildConfiguration;
			buildSettings = {
				ALWAYS_SEARCH_USER_PATHS = NO;
				CLANG_ENABLE_OBJC_ARC = YES;
				CODE_SIGN_IDENTITY = "iPhone Developer: Dan Waller (N39KQRRVCU)";
				"CODE_SIGN_IDENTITY[sdk=iphoneos*]" = "iPhone Developer: Dan Waller (N39KQRRVCU)";
				COPY_PHASE_STRIP = NO;
				GCC_DYNAMIC_NO_PIC = NO;
				GCC_OPTIMIZATION_LEVEL = 0;
				GCC_PRECOMPILE_PREFIX_HEADER = YES;
				GCC_PREFIX_HEADER = Days_Prefix.pch;
				GCC_THUMB_SUPPORT = NO;
				GCC_VERSION = com.apple.compilers.llvm.clang.1_0;
				INFOPLIST_FILE = "Days-Info.plist";
				IPHONEOS_DEPLOYMENT_TARGET = 6.0;
				LIBRARY_SEARCH_PATHS = (
					"$(inherited)",
					"/Users/dnjwaller/Dropbox/Git/48\\ Days\\ iOS",
				);
				PRODUCT_NAME = Days;
				RUN_CLANG_STATIC_ANALYZER = NO;
				SDKROOT = iphoneos;
				TARGETED_DEVICE_FAMILY = "1,2";
				VALIDATE_PRODUCT = YES;
				VALID_ARCHS = "armv7 armv7s";
			};
			name = Debug;
		};
		1D6058950D05DD3E006BFB54 /* Release */ = {
			isa = XCBuildConfiguration;
			buildSettings = {
				ALWAYS_SEARCH_USER_PATHS = NO;
				CLANG_ENABLE_OBJC_ARC = YES;
				CODE_SIGN_IDENTITY = "iPhone Developer: Dan Waller (N39KQRRVCU)";
				"CODE_SIGN_IDENTITY[sdk=iphoneos*]" = "iPhone Developer: Dan Waller (N39KQRRVCU)";
				COPY_PHASE_STRIP = YES;
				GCC_PRECOMPILE_PREFIX_HEADER = YES;
				GCC_PREFIX_HEADER = Days_Prefix.pch;
				GCC_THUMB_SUPPORT = NO;
				GCC_VERSION = com.apple.compilers.llvm.clang.1_0;
				INFOPLIST_FILE = "Days-Info.plist";
				IPHONEOS_DEPLOYMENT_TARGET = 6.0;
				LIBRARY_SEARCH_PATHS = (
					"$(inherited)",
					"/Users/dnjwaller/Dropbox/Git/48\\ Days\\ iOS",
				);
				PRODUCT_NAME = Days;
				RUN_CLANG_STATIC_ANALYZER = NO;
				SDKROOT = iphoneos;
				TARGETED_DEVICE_FAMILY = "1,2";
				VALIDATE_PRODUCT = YES;
				VALID_ARCHS = "armv7 armv7s";
			};
			name = Release;
		};
		68558B3C13EF755300BEA41A /* Distribution */ = {
			isa = XCBuildConfiguration;
			buildSettings = {
				CLANG_ENABLE_OBJC_ARC = NO;
				CLANG_WARN_OBJCPP_ARC_ABI = NO;
				CODE_SIGN_IDENTITY = "iPhone Developer: Dan Waller (N39KQRRVCU)";
				"CODE_SIGN_IDENTITY[sdk=iphoneos*]" = "iPhone Developer: Dan Waller (N39KQRRVCU)";
				GCC_C_LANGUAGE_STANDARD = c99;
				GCC_THUMB_SUPPORT = NO;
				GCC_WARN_ABOUT_RETURN_TYPE = YES;
				GCC_WARN_UNUSED_VARIABLE = YES;
				IPHONEOS_DEPLOYMENT_TARGET = 7.0;
				OTHER_CFLAGS = "-DNS_BLOCK_ASSERTIONS=1";
				PROVISIONING_PROFILE = "9B9C955A-9D03-4B02-87F0-6A69B0A33B81";
				"PROVISIONING_PROFILE[sdk=iphoneos*]" = "9B9C955A-9D03-4B02-87F0-6A69B0A33B81";
				SDKROOT = iphoneos;
				TARGETED_DEVICE_FAMILY = "1,2";
			};
			name = Distribution;
		};
		68558B3D13EF755300BEA41A /* Distribution */ = {
			isa = XCBuildConfiguration;
			buildSettings = {
				ALWAYS_SEARCH_USER_PATHS = NO;
				CLANG_ENABLE_OBJC_ARC = YES;
				CODE_SIGN_IDENTITY = "iPhone Developer: Dan Waller (N39KQRRVCU)";
				"CODE_SIGN_IDENTITY[sdk=iphoneos*]" = "iPhone Developer: Dan Waller (N39KQRRVCU)";
				COPY_PHASE_STRIP = YES;
				GCC_PRECOMPILE_PREFIX_HEADER = YES;
				GCC_PREFIX_HEADER = Days_Prefix.pch;
				GCC_THUMB_SUPPORT = NO;
				GCC_VERSION = com.apple.compilers.llvm.clang.1_0;
				INFOPLIST_FILE = "Days-Info.plist";
				IPHONEOS_DEPLOYMENT_TARGET = 6.0;
				LIBRARY_SEARCH_PATHS = (
					"$(inherited)",
					"/Users/dnjwaller/Dropbox/Git/48\\ Days\\ iOS",
				);
				PRODUCT_NAME = Days;
				RUN_CLANG_STATIC_ANALYZER = NO;
				SDKROOT = iphoneos;
				TARGETED_DEVICE_FAMILY = "1,2";
				VALIDATE_PRODUCT = YES;
				VALID_ARCHS = "armv7 armv7s";
			};
			name = Distribution;
		};
		C01FCF4F08A954540054247B /* Debug */ = {
			isa = XCBuildConfiguration;
			buildSettings = {
				CLANG_ENABLE_OBJC_ARC = NO;
				CLANG_WARN_OBJCPP_ARC_ABI = NO;
				CODE_SIGN_IDENTITY = "iPhone Developer: Dan Waller (N39KQRRVCU)";
				"CODE_SIGN_IDENTITY[sdk=iphoneos*]" = "iPhone Developer: Dan Waller (N39KQRRVCU)";
				GCC_C_LANGUAGE_STANDARD = c99;
				GCC_THUMB_SUPPORT = NO;
				GCC_WARN_ABOUT_RETURN_TYPE = YES;
				GCC_WARN_UNUSED_VARIABLE = YES;
				IPHONEOS_DEPLOYMENT_TARGET = 7.0;
				ONLY_ACTIVE_ARCH = YES;
				PROVISIONING_PROFILE = "9B9C955A-9D03-4B02-87F0-6A69B0A33B81";
				"PROVISIONING_PROFILE[sdk=iphoneos*]" = "9B9C955A-9D03-4B02-87F0-6A69B0A33B81";
				SDKROOT = iphoneos;
				TARGETED_DEVICE_FAMILY = "1,2";
			};
			name = Debug;
		};
		C01FCF5008A954540054247B /* Release */ = {
			isa = XCBuildConfiguration;
			buildSettings = {
				CLANG_ENABLE_OBJC_ARC = NO;
				CLANG_WARN_OBJCPP_ARC_ABI = NO;
				CODE_SIGN_IDENTITY = "iPhone Developer: Dan Waller (N39KQRRVCU)";
				"CODE_SIGN_IDENTITY[sdk=iphoneos*]" = "iPhone Developer: Dan Waller (N39KQRRVCU)";
				GCC_C_LANGUAGE_STANDARD = c99;
				GCC_THUMB_SUPPORT = NO;
				GCC_WARN_ABOUT_RETURN_TYPE = YES;
				GCC_WARN_UNUSED_VARIABLE = YES;
				IPHONEOS_DEPLOYMENT_TARGET = 7.0;
				OTHER_CFLAGS = "-DNS_BLOCK_ASSERTIONS=1";
				PROVISIONING_PROFILE = "9B9C955A-9D03-4B02-87F0-6A69B0A33B81";
				"PROVISIONING_PROFILE[sdk=iphoneos*]" = "9B9C955A-9D03-4B02-87F0-6A69B0A33B81";
				SDKROOT = iphoneos;
				TARGETED_DEVICE_FAMILY = "1,2";
			};
			name = Release;
		};
/* End XCBuildConfiguration section */

/* Begin XCConfigurationList section */
		1D6058960D05DD3E006BFB54 /* Build configuration list for PBXNativeTarget "Days" */ = {
			isa = XCConfigurationList;
			buildConfigurations = (
				1D6058940D05DD3E006BFB54 /* Debug */,
				1D6058950D05DD3E006BFB54 /* Release */,
				68558B3D13EF755300BEA41A /* Distribution */,
			);
			defaultConfigurationIsVisible = 0;
			defaultConfigurationName = Release;
		};
		C01FCF4E08A954540054247B /* Build configuration list for PBXProject "Days" */ = {
			isa = XCConfigurationList;
			buildConfigurations = (
				C01FCF4F08A954540054247B /* Debug */,
				C01FCF5008A954540054247B /* Release */,
				68558B3C13EF755300BEA41A /* Distribution */,
			);
			defaultConfigurationIsVisible = 0;
			defaultConfigurationName = Release;
		};
/* End XCConfigurationList section */
	};
	rootObject = 29B97313FDCFA39411CA2CEA /* Project object */;
}
